
Microsoft Visual Studio Solution File, Format Version 12.00
# Visual Studio 2013
VisualStudioVersion = 12.0.21005.1
MinimumVisualStudioVersion = 10.0.40219.1
Project("{FAE04EC0-301F-11D3-BF4B-00C04F79EFBC}") = "SportsStore.Domain", "SportsStore.Domain\SportsStore.Domain.csproj", "{72ACEC45-583F-47F2-A5FA-03989D5F4CD6}"
EndProject
Project("{FAE04EC0-301F-11D3-BF4B-00C04F79EFBC}") = "SportsStore.WebUI", "SportsStore.WebUI\SportsStore.WebUI.csproj", "{D127BE2D-B8BB-484E-BB1C-4A6FBBEBD926}"
EndProject
Project("{FAE04EC0-301F-11D3-BF4B-00C04F79EFBC}") = "SportsStore.UnitTests", "SportsStore.UnitTests\SportsStore.UnitTests.csproj", "{AC8B9A2F-81C7-4FAD-838A-D76D564CF475}"
EndProject
Global
	GlobalSection(SolutionConfigurationPlatforms) = preSolution
		Debug|Any CPU = Debug|Any CPU
		Release|Any CPU = Release|Any CPU
	EndGlobalSection
	GlobalSection(ProjectConfigurationPlatforms) = postSolution
		{72ACEC45-583F-47F2-A5FA-03989D5F4CD6}.Debug|Any CPU.ActiveCfg = Debug|Any CPU
		{72ACEC45-583F-47F2-A5FA-03989D5F4CD6}.Debug|Any CPU.Build.0 = Debug|Any CPU
		{72ACEC45-583F-47F2-A5FA-03989D5F4CD6}.Release|Any CPU.ActiveCfg = Release|Any CPU
		{72ACEC45-583F-47F2-A5FA-03989D5F4CD6}.Release|Any CPU.Build.0 = Release|Any CPU
		{D127BE2D-B8BB-484E-BB1C-4A6FBBEBD926}.Debug|Any CPU.ActiveCfg = Debug|Any CPU
		{D127BE2D-B8BB-484E-BB1C-4A6FBBEBD926}.Debug|Any CPU.Build.0 = Debug|Any CPU
		{D127BE2D-B8BB-484E-BB1C-4A6FBBEBD926}.Release|Any CPU.ActiveCfg = Release|Any CPU
		{D127BE2D-B8BB-484E-BB1C-4A6FBBEBD926}.Release|Any CPU.Build.0 = Release|Any CPU
		{AC8B9A2F-81C7-4FAD-838A-D76D564CF475}.Debug|Any CPU.ActiveCfg = Debug|Any CPU
		{AC8B9A2F-81C7-4FAD-838A-D76D564CF475}.Debug|Any CPU.Build.0 = Debug|Any CPU
		{AC8B9A2F-81C7-4FAD-838A-D76D564CF475}.Release|Any CPU.ActiveCfg = Release|Any CPU
		{AC8B9A2F-81C7-4FAD-838A-D76D564CF475}.Release|Any CPU.Build.0 = Release|Any CPU
	EndGlobalSection
	GlobalSection(SolutionProperties) = preSolution
		HideSolutionNode = FALSE
	EndGlobalSection
EndGlobal
